{
  "name": "pets-safety-alerts-famousai",
  "version": "1.0.0",
  "lockfileVersion": 3,
  "requires": true,
  "packages": {
    "": {
      "name": "pets-safety-alerts-famousai",
      "version": "1.0.0",
      "license": "ISC",
      "dependencies": {
        "jason": "^2.0.0"
      }
    },
    "node_modules/jason": {
      "version": "2.0.0",
      "resolved": "https://registry.npmjs.org/jason/-/jason-2.0.0.tgz",
      "integrity": "sha512-lN3tmB3sdm4+VAiBk4cjUaO97PlCGNA8aZb3tDYViQlkCrCllg9mPk0Sggjn8aABfiw9KdQ/C1axYCqffCAgnQ==",
      "license": "MIT"
    }
  }
}
